// !$*UTF8*$!
{
	archiveVersion = 1;
	classes = {
	};
	objectVersion = 46;
	objects = {

/* Begin PBXBuildFile section */
		2724286E159BB516004F82AA /* Cocoa.framework in Frameworks */ = {isa = PBXBuildFile; fileRef = 2724286D159BB516004F82AA /* Cocoa.framework */; };
		27242878159BB516004F82AA /* InfoPlist.strings in Resources */ = {isa = PBXBuildFile; fileRef = 27242876159BB516004F82AA /* InfoPlist.strings */; };
		2724287A159BB516004F82AA /* main.m in Sources */ = {isa = PBXBuildFile; fileRef = 27242879159BB516004F82AA /* main.m */; };
		2724287E159BB516004F82AA /* Credits.rtf in Resources */ = {isa = PBXBuildFile; fileRef = 2724287C159BB516004F82AA /* Credits.rtf */; };
		27242881159BB516004F82AA /* AppDelegate.m in Sources */ = {isa = PBXBuildFile; fileRef = 27242880159BB516004F82AA /* AppDelegate.m */; };
		27242884159BB516004F82AA /* MainMenu.xib in Resources */ = {isa = PBXBuildFile; fileRef = 27242882159BB516004F82AA /* MainMenu.xib */; };
		2724288C159BB597004F82AA /* drink.wav in Resources */ = {isa = PBXBuildFile; fileRef = 2724288A159BB597004F82AA /* drink.wav */; };
		2724288D159BB597004F82AA /* getready.wav in Resources */ = {isa = PBXBuildFile; fileRef = 2724288B159BB597004F82AA /* getready.wav */; };
		2724288F159BB5A2004F82AA /* pic00005.jpg in Resources */ = {isa = PBXBuildFile; fileRef = 2724288E159BB5A2004F82AA /* pic00005.jpg */; };
/* End PBXBuildFile section */

/* Begin PBXFileReference section */
		27242869159BB516004F82AA /* PowerHour.app */ = {isa = PBXFileReference; explicitFileType = wrapper.application; includeInIndex = 0; path = PowerHour.app; sourceTree = BUILT_PRODUCTS_DIR; };
		2724286D159BB516004F82AA /* Cocoa.framework */ = {isa = PBXFileReference; lastKnownFileType = wrapper.framework; name = Cocoa.framework; path = System/Library/Frameworks/Cocoa.framework; sourceTree = SDKROOT; };
		27242870159BB516004F82AA /* AppKit.framework */ = {isa = PBXFileReference; lastKnownFileType = wrapper.framework; name = AppKit.framework; path = System/Library/Frameworks/AppKit.framework; sourceTree = SDKROOT; };
		27242871159BB516004F82AA /* CoreData.framework */ = {isa = PBXFileReference; lastKnownFileType = wrapper.framework; name = CoreData.framework; path = System/Library/Frameworks/CoreData.framework; sourceTree = SDKROOT; };
		27242872159BB516004F82AA /* Foundation.framework */ = {isa = PBXFileReference; lastKnownFileType = wrapper.framework; name = Foundation.framework; path = System/Library/Frameworks/Foundation.framework; sourceTree = SDKROOT; };
		27242875159BB516004F82AA /* PowerHour-Info.plist */ = {isa = PBXFileReference; lastKnownFileType = text.plist.xml; path = "PowerHour-Info.plist"; sourceTree = "<group>"; };
		27242877159BB516004F82AA /* en */ = {isa = PBXFileReference; lastKnownFileType = text.plist.strings; name = en; path = en.lproj/InfoPlist.strings; sourceTree = "<group>"; };
		27242879159BB516004F82AA /* main.m */ = {isa = PBXFileReference; lastKnownFileType = sourcecode.c.objc; path = main.m; sourceTree = "<group>"; };
		2724287B159BB516004F82AA /* PowerHour-Prefix.pch */ = {isa = PBXFileReference; lastKnownFileType = sourcecode.c.h; path = "PowerHour-Prefix.pch"; sourceTree = "<group>"; };
		2724287D159BB516004F82AA /* en */ = {isa = PBXFileReference; lastKnownFileType = text.rtf; name = en; path = en.lproj/Credits.rtf; sourceTree = "<group>"; };
		2724287F159BB516004F82AA /* AppDelegate.h */ = {isa = PBXFileReference; lastKnownFileType = sourcecode.c.h; path = AppDelegate.h; sourceTree = "<group>"; };
		27242880159BB516004F82AA /* AppDelegate.m */ = {isa = PBXFileReference; lastKnownFileType = sourcecode.c.objc; path = AppDelegate.m; sourceTree = "<group>"; };
		27242883159BB516004F82AA /* en */ = {isa = PBXFileReference; lastKnownFileType = file.xib; name = en; path = en.lproj/MainMenu.xib; sourceTree = "<group>"; };
		2724288A159BB597004F82AA /* drink.wav */ = {isa = PBXFileReference; lastKnownFileType = audio.wav; path = drink.wav; sourceTree = "<group>"; };
		2724288B159BB597004F82AA /* getready.wav */ = {isa = PBXFileReference; lastKnownFileType = audio.wav; path = getready.wav; sourceTree = "<group>"; };
		2724288E159BB5A2004F82AA /* pic00005.jpg */ = {isa = PBXFileReference; lastKnownFileType = image.jpeg; path = pic00005.jpg; sourceTree = "<group>"; };
/* End PBXFileReference section */

/* Begin PBXFrameworksBuildPhase section */
		27242866159BB516004F82AA /* Frameworks */ = {
			isa = PBXFrameworksBuildPhase;
			buildActionMask = 2147483647;
			files = (
				2724286E159BB516004F82AA /* Cocoa.framework in Frameworks */,
			);
			runOnlyForDeploymentPostprocessing = 0;
		};
/* End PBXFrameworksBuildPhase section */

/* Begin PBXGroup section */
		2724285E159BB516004F82AA = {
			isa = PBXGroup;
			children = (
				27242873159BB516004F82AA /* PowerHour */,
				2724286C159BB516004F82AA /* Frameworks */,
				2724286A159BB516004F82AA /* Products */,
			);
			sourceTree = "<group>";
		};
		2724286A159BB516004F82AA /* Products */ = {
			isa = PBXGroup;
			children = (
				27242869159BB516004F82AA /* PowerHour.app */,
			);
			name = Products;
			sourceTree = "<group>";
		};
		2724286C159BB516004F82AA /* Frameworks */ = {
			isa = PBXGroup;
			children = (
				2724286D159BB516004F82AA /* Cocoa.framework */,
				2724286F159BB516004F82AA /* Other Frameworks */,
			);
			name = Frameworks;
			sourceTree = "<group>";
		};
		2724286F159BB516004F82AA /* Other Frameworks */ = {
			isa = PBXGroup;
			children = (
				27242870159BB516004F82AA /* AppKit.framework */,
				27242871159BB516004F82AA /* CoreData.framework */,
				27242872159BB516004F82AA /* Foundation.framework */,
			);
			name = "Other Frameworks";
			sourceTree = "<group>";
		};
		27242873159BB516004F82AA /* PowerHour */ = {
			isa = PBXGroup;
			children = (
				2724288A159BB597004F82AA /* drink.wav */,
				2724288B159BB597004F82AA /* getready.wav */,
				2724288E159BB5A2004F82AA /* pic00005.jpg */,
				2724287F159BB516004F82AA /* AppDelegate.h */,
				27242880159BB516004F82AA /* AppDelegate.m */,
				27242882159BB516004F82AA /* MainMenu.xib */,
				27242874159BB516004F82AA /* Supporting Files */,
			);
			path = PowerHour;
			sourceTree = "<group>";
		};
		27242874159BB516004F82AA /* Supporting Files */ = {
			isa = PBXGroup;
			children = (
				27242875159BB516004F82AA /* PowerHour-Info.plist */,
				27242876159BB516004F82AA /* InfoPlist.strings */,
				27242879159BB516004F82AA /* main.m */,
				2724287B159BB516004F82AA /* PowerHour-Prefix.pch */,
				2724287C159BB516004F82AA /* Credits.rtf */,
			);
			name = "Supporting Files";
			sourceTree = "<group>";
		};
/* End PBXGroup section */

/* Begin PBXNativeTarget section */
		27242868159BB516004F82AA /* PowerHour */ = {
			isa = PBXNativeTarget;
			buildConfigurationList = 27242887159BB516004F82AA /* Build configuration list for PBXNativeTarget "PowerHour" */;
			buildPhases = (
				27242865159BB516004F82AA /* Sources */,
				27242866159BB516004F82AA /* Frameworks */,
				27242867159BB516004F82AA /* Resources */,
			);
			buildRules = (
			);
			dependencies = (
			);
			name = PowerHour;
			productName = PowerHour;
			productReference = 27242869159BB516004F82AA /* PowerHour.app */;
			productType = "com.apple.product-type.application";
		};
/* End PBXNativeTarget section */

/* Begin PBXProject section */
		27242860159BB516004F82AA /* Project object */ = {
			isa = PBXProject;
			attributes = {
				LastUpgradeCheck = 0430;
			};
			buildConfigurationList = 27242863159BB516004F82AA /* Build configuration list for PBXProject "PowerHour" */;
			compatibilityVersion = "Xcode 3.2";
			developmentRegion = English;
			hasScannedForEncodings = 0;
			knownRegions = (
				en,
			);
			mainGroup = 2724285E159BB516004F82AA;
			productRefGroup = 2724286A159BB516004F82AA /* Products */;
			projectDirPath = "";
			projectRoot = "";
			targets = (
				27242868159BB516004F82AA /* PowerHour */,
			);
		};
/* End PBXProject section */

/* Begin PBXResourcesBuildPhase section */
		27242867159BB516004F82AA /* Resources */ = {
			isa = PBXResourcesBuildPhase;
			buildActionMask = 2147483647;
			files = (
				27242878159BB516004F82AA /* InfoPlist.strings in Resources */,
				2724287E159BB516004F82AA /* Credits.rtf in Resources */,
				27242884159BB516004F82AA /* MainMenu.xib in Resources */,
				2724288C159BB597004F82AA /* drink.wav in Resources */,
				2724288D159BB597004F82AA /* getready.wav in Resources */,
				2724288F159BB5A2004F82AA /* pic00005.jpg in Resources */,
			);
			runOnlyForDeploymentPostprocessing = 0;
		};
/* End PBXResourcesBuildPhase section */

/* Begin PBXSourcesBuildPhase section */
		27242865159BB516004F82AA /* Sources */ = {
			isa = PBXSourcesBuildPhase;
			buildActionMask = 2147483647;
			files = (
				2724287A159BB516004F82AA /* main.m in Sources */,
				27242881159BB516004F82AA /* AppDelegate.m in Sources */,
			);
			runOnlyForDeploymentPostprocessing = 0;
		};
/* End PBXSourcesBuildPhase section */

/* Begin PBXVariantGroup section */
		27242876159BB516004F82AA /* InfoPlist.strings */ = {
			isa = PBXVariantGroup;
			children = (
				27242877159BB516004F82AA /* en */,
			);
			name = InfoPlist.strings;
			sourceTree = "<group>";
		};
		2724287C159BB516004F82AA /* Credits.rtf */ = {
			isa = PBXVariantGroup;
			children = (
				2724287D159BB516004F82AA /* en */,
			);
			name = Credits.rtf;
			sourceTree = "<group>";
		};
		27242882159BB516004F82AA /* MainMenu.xib */ = {
			isa = PBXVariantGroup;
			children = (
				27242883159BB516004F82AA /* en */,
			);
			name = MainMenu.xib;
			sourceTree = "<group>";
		};
/* End PBXVariantGroup section */

/* Begin XCBuildConfiguration section */
		27242885159BB516004F82AA /* Debug */ = {
			isa = XCBuildConfiguration;
			buildSettings = {
				ALWAYS_SEARCH_USER_PATHS = NO;
				ARCHS = "$(ARCHS_STANDARD_64_BIT)";
				CLANG_ENABLE_OBJC_ARC = YES;
				COPY_PHASE_STRIP = NO;
				GCC_C_LANGUAGE_STANDARD = gnu99;
				GCC_DYNAMIC_NO_PIC = NO;
				GCC_ENABLE_OBJC_EXCEPTIONS = YES;
				GCC_OPTIMIZATION_LEVEL = 0;
				GCC_PREPROCESSOR_DEFINITIONS = (
					"DEBUG=1",
					"$(inherited)",
				);
				GCC_SYMBOLS_PRIVATE_EXTERN = NO;
				GCC_VERSION = com.apple.compilers.llvm.clang.1_0;
				GCC_WARN_64_TO_32_BIT_CONVERSION = YES;
				GCC_WARN_ABOUT_RETURN_TYPE = YES;
				GCC_WARN_UNINITIALIZED_AUTOS = YES;
				GCC_WARN_UNUSED_VARIABLE = YES;
				MACOSX_DEPLOYMENT_TARGET = 10.7;
				ONLY_ACTIVE_ARCH = YES;
				SDKROOT = macosx;
			};
			name = Debug;
		};
		27242886159BB516004F82AA /* Release */ = {
			isa = XCBuildConfiguration;
			buildSettings = {
				ALWAYS_SEARCH_USER_PATHS = NO;
				ARCHS = "$(ARCHS_STANDARD_64_BIT)";
				CLANG_ENABLE_OBJC_ARC = YES;
				COPY_PHASE_STRIP = YES;
				DEBUG_INFORMATION_FORMAT = "dwarf-with-dsym";
				GCC_C_LANGUAGE_STANDARD = gnu99;
				GCC_ENABLE_OBJC_EXCEPTIONS = YES;
				GCC_VERSION = com.apple.compilers.llvm.clang.1_0;
				GCC_WARN_64_TO_32_BIT_CONVERSION = YES;
				GCC_WARN_ABOUT_RETURN_TYPE = YES;
				GCC_WARN_UNINITIALIZED_AUTOS = YES;
				GCC_WARN_UNUSED_VARIABLE = YES;
				MACOSX_DEPLOYMENT_TARGET = 10.7;
				SDKROOT = macosx;
			};
			name = Release;
		};
		27242888159BB516004F82AA /* Debug */ = {
			isa = XCBuildConfiguration;
			buildSettings = {
				GCC_PRECOMPILE_PREFIX_HEADER = YES;
				GCC_PREFIX_HEADER = "PowerHour/PowerHour-Prefix.pch";
				INFOPLIST_FILE = "PowerHour/PowerHour-Info.plist";
				PRODUCT_NAME = "$(TARGET_NAME)";
				WRAPPER_EXTENSION = app;
			};
			name = Debug;
		};
		27242889159BB516004F82AA /* Release */ = {
			isa = XCBuildConfiguration;
			buildSettings = {
				GCC_PRECOMPILE_PREFIX_HEADER = YES;
				GCC_PREFIX_HEADER = "PowerHour/PowerHour-Prefix.pch";
				INFOPLIST_FILE = "PowerHour/PowerHour-Info.plist";
				PRODUCT_NAME = "$(TARGET_NAME)";
				WRAPPER_EXTENSION = app;
			};
			name = Release;
		};
/* End XCBuildConfiguration section */

/* Begin XCConfigurationList section */
		27242863159BB516004F82AA /* Build configuration list for PBXProject "PowerHour" */ = {
			isa = XCConfigurationList;
			buildConfigurations = (
				27242885159BB516004F82AA /* Debug */,
				27242886159BB516004F82AA /* Release */,
			);
			defaultConfigurationIsVisible = 0;
			defaultConfigurationName = Release;
		};
		27242887159BB516004F82AA /* Build configuration list for PBXNativeTarget "PowerHour" */ = {
			isa = XCConfigurationList;
			buildConfigurations = (
				27242888159BB516004F82AA /* Debug */,
				27242889159BB516004F82AA /* Release */,
			);
			defaultConfigurationIsVisible = 0;
		};
/* End XCConfigurationList section */
	};
	rootObject = 27242860159BB516004F82AA /* Project object */;
}
